<?xml version="1.0" encoding="utf-8"?>
<Project ToolsVersion="4.0" xmlns="http://schemas.microsoft.com/developer/msbuild/2003">
  <ItemGroup>
    <Filter Include="Source Files">
      <UniqueIdentifier>{4FC737F1-C7A5-4376-A066-2A32D752A2FF}</UniqueIdentifier>
      <Extensions>cpp;c;cc;cxx;def;odl;idl;hpj;bat;asm;asmx</Extensions>
    </Filter>
    <Filter Include="Header Files">
      <UniqueIdentifier>{93995380-89BD-4b04-88EB-625FBE52EBFB}</UniqueIdentifier>
      <Extensions>h;hh;hpp;hxx;hm;inl;inc;xsd</Extensions>
    </Filter>
    <Filter Include="Resource Files">
      <UniqueIdentifier>{67DA6AB6-F800-4c08-8B7A-83BB121AAD01}</UniqueIdentifier>
      <Extensions>rc;ico;cur;bmp;dlg;rc2;rct;bin;rgs;gif;jpg;jpeg;jpe;resx;tiff;tif;png;wav;mfcribbon-ms</Extensions>
    </Filter>
    <Filter Include="Header Files\Attacks">
      <UniqueIdentifier>{4009917a-c190-4704-a892-6e30fe94c2e1}</UniqueIdentifier>
    </Filter>
    <Filter Include="Source Files\Attacks">
      <UniqueIdentifier>{2b0b0314-330b-467a-bf11-5404fc6f7861}</UniqueIdentifier>
    </Filter>
    <Filter Include="Header Files\Item">
      <UniqueIdentifier>{ed2dcc4f-e08d-4bbe-a06c-9a697a657ef6}</UniqueIdentifier>
    </Filter>
    <Filter Include="Resource Files\Models">
      <UniqueIdentifier>{c94e1dc5-ef48-42c1-819f-925dfa7fbded}</UniqueIdentifier>
    </Filter>
    <Filter Include="Resource Files\Models\Textures">
      <UniqueIdentifier>{8353259b-1b2b-42f2-9958-7f9c5be0ee87}</UniqueIdentifier>
    </Filter>
    <Filter Include="Source Files\Item">
      <UniqueIdentifier>{d787d3db-7da2-444f-888d-b2f282984ca8}</UniqueIdentifier>
    </Filter>
  </ItemGroup>
  <ItemGroup>
    <ClCompile Include="main.cpp">
      <Filter>Source Files</Filter>
    </ClCompile>
    <ClCompile Include="md2model.cpp">
      <Filter>Source Files</Filter>
    </ClCompile>
    <ClCompile Include="rt3d.cpp">
      <Filter>Source Files</Filter>
    </ClCompile>
    <ClCompile Include="rt3dObjLoader.cpp">
      <Filter>Source Files</Filter>
    </ClCompile>
    <ClCompile Include="Character.cpp">
      <Filter>Source Files</Filter>
    </ClCompile>
    <ClCompile Include="Attack.cpp">
      <Filter>Source Files\Attacks</Filter>
    </ClCompile>
    <ClCompile Include="ItemUse.cpp">
      <Filter>Source Files\Attacks</Filter>
    </ClCompile>
    <ClCompile Include="Item.cpp">
      <Filter>Source Files</Filter>
    </ClCompile>
    <ClCompile Include="Collisions.cpp">
      <Filter>Source Files</Filter>
    </ClCompile>
    <ClCompile Include="Gameobject.cpp">
      <Filter>Source Files</Filter>
    </ClCompile>
    <ClCompile Include="FileLoader.cpp">
      <Filter>Source Files</Filter>
    </ClCompile>
    <ClCompile Include="Camera.cpp">
      <Filter>Source Files</Filter>
    </ClCompile>
    <ClCompile Include="Prefab.cpp">
      <Filter>Source Files</Filter>
    </ClCompile>
    <ClCompile Include="Level_001.cpp">
      <Filter>Source Files</Filter>
    </ClCompile>
    <ClCompile Include="Skybox.cpp">
      <Filter>Source Files</Filter>
    </ClCompile>
    <ClCompile Include="PlayableCharacter.cpp">
      <Filter>Source Files</Filter>
    </ClCompile>
    <ClCompile Include="Weapon.cpp">
      <Filter>Source Files</Filter>
    </ClCompile>
    <ClCompile Include="MazeGenerator.cpp">
      <Filter>Source Files</Filter>
    </ClCompile>
    <ClCompile Include="CombatInstance.cpp">
      <Filter>Source Files</Filter>
    </ClCompile>
    <ClCompile Include="MazePrefab.cpp">
      <Filter>Source Files</Filter>
    </ClCompile>
    <ClCompile Include="HeightMap.cpp">
      <Filter>Source Files</Filter>
    </ClCompile>
    <ClCompile Include="SpeedPotion.cpp">
      <Filter>Source Files\Item</Filter>
    </ClCompile>
    <ClCompile Include="Knives.cpp">
      <Filter>Source Files\Item</Filter>
    </ClCompile>
    <ClCompile Include="ManaPotion.cpp">
      <Filter>Source Files\Item</Filter>
    </ClCompile>
    <ClCompile Include="Medkit.cpp">
      <Filter>Source Files\Item</Filter>
    </ClCompile>
    <ClCompile Include="StrengthPotion.cpp">
      <Filter>Source Files\Item</Filter>
    </ClCompile>
    <ClCompile Include="Axe.cpp">
      <Filter>Source Files\Item</Filter>
    </ClCompile>
    <ClCompile Include="BonusArmour.cpp">
      <Filter>Source Files\Item</Filter>
    </ClCompile>
    <ClCompile Include="DefencePotion.cpp">
      <Filter>Source Files\Item</Filter>
    </ClCompile>
    <ClCompile Include="Sword.cpp">
      <Filter>Source Files\Item</Filter>
    </ClCompile>
    <ClCompile Include="Terrain.cpp">
      <Filter>Source Files</Filter>
    </ClCompile>
    <ClCompile Include="Inventory.cpp">
      <Filter>Source Files\Item</Filter>
    </ClCompile>
  </ItemGroup>
  <ItemGroup>
    <ClInclude Include="anorms.h">
      <Filter>Header Files</Filter>
    </ClInclude>
    <ClInclude Include="cube.h">
      <Filter>Header Files</Filter>
    </ClInclude>
    <ClInclude Include="md2model.h">
      <Filter>Header Files</Filter>
    </ClInclude>
    <ClInclude Include="rt3d.h">
      <Filter>Header Files</Filter>
    </ClInclude>
    <ClInclude Include="rt3dObjLoader.h">
      <Filter>Header Files</Filter>
    </ClInclude>
    <ClInclude Include="StdAfx.h">
      <Filter>Header Files</Filter>
    </ClInclude>
    <ClInclude Include="Attack.h">
      <Filter>Header Files\Attacks</Filter>
    </ClInclude>
    <ClInclude Include="Flee.h">
      <Filter>Header Files\Attacks</Filter>
    </ClInclude>
    <ClInclude Include="HeavyAttack.h">
      <Filter>Header Files\Attacks</Filter>
    </ClInclude>
    <ClInclude Include="ItemUse.h">
      <Filter>Header Files\Attacks</Filter>
    </ClInclude>
    <ClInclude Include="LightAttack.h">
      <Filter>Header Files\Attacks</Filter>
    </ClInclude>
    <ClInclude Include="Poison.h">
      <Filter>Header Files\Attacks</Filter>
    </ClInclude>
    <ClInclude Include="Stun.h">
      <Filter>Header Files\Attacks</Filter>
    </ClInclude>
    <ClInclude Include="Collisions.h">
      <Filter>Header Files</Filter>
    </ClInclude>
    <ClInclude Include="Gameobject.h">
      <Filter>Header Files</Filter>
    </ClInclude>
    <ClInclude Include="FileLoader.h">
      <Filter>Header Files</Filter>
    </ClInclude>
    <ClInclude Include="Camera.h">
      <Filter>Header Files</Filter>
    </ClInclude>
    <ClInclude Include="Prefab.h">
      <Filter>Header Files</Filter>
    </ClInclude>
    <ClInclude Include="Skybox.h">
      <Filter>Header Files</Filter>
    </ClInclude>
    <ClInclude Include="PlayableCharacter.h">
      <Filter>Header Files</Filter>
    </ClInclude>
    <ClInclude Include="Weapon.h">
      <Filter>Header Files</Filter>
    </ClInclude>
    <ClInclude Include="MazeGenerator.h">
      <Filter>Header Files</Filter>
    </ClInclude>
    <ClInclude Include="Character.h">
      <Filter>Header Files</Filter>
    </ClInclude>
    <ClInclude Include="CombatInstance.h">
      <Filter>Header Files\Attacks</Filter>
    </ClInclude>
    <ClInclude Include="MazePrefab.h">
      <Filter>Header Files</Filter>
    </ClInclude>
    <ClInclude Include="HeightMap.h">
      <Filter>Header Files</Filter>
    </ClInclude>
    <ClInclude Include="Item.h">
      <Filter>Header Files\Item</Filter>
    </ClInclude>
    <ClInclude Include="Axe.h">
      <Filter>Header Files\Item</Filter>
    </ClInclude>
    <ClInclude Include="BonusArmourPotion.h">
      <Filter>Header Files\Item</Filter>
    </ClInclude>
    <ClInclude Include="Potion.h">
      <Filter>Header Files\Item</Filter>
    </ClInclude>
    <ClInclude Include="DefencePotion.h">
      <Filter>Header Files\Item</Filter>
    </ClInclude>
    <ClInclude Include="Inventory.h">
      <Filter>Header Files\Item</Filter>
    </ClInclude>
    <ClInclude Include="Knives.h">
      <Filter>Header Files\Item</Filter>
    </ClInclude>
    <ClInclude Include="SpeedPotion.h">
      <Filter>Header Files\Item</Filter>
    </ClInclude>
    <ClInclude Include="StrengthPotion.h">
      <Filter>Header Files\Item</Filter>
    </ClInclude>
    <ClInclude Include="ManaPotion.h">
      <Filter>Header Files\Item</Filter>
    </ClInclude>
    <ClInclude Include="Medkit.h">
      <Filter>Header Files\Item</Filter>
    </ClInclude>
    <ClInclude Include="Sword.h">
      <Filter>Header Files\Item</Filter>
    </ClInclude>
    <ClInclude Include="Terrain.h">
      <Filter>Header Files</Filter>
    </ClInclude>
  </ItemGroup>
  <ItemGroup>
    <Image Include="fabric.bmp">
      <Filter>Resource Files</Filter>
    </Image>
    <Image Include="hobgoblin2.bmp">
      <Filter>Resource Files\Models\Textures</Filter>
    </Image>
  </ItemGroup>
  <ItemGroup>
    <Font Include="MavenPro-Regular.ttf">
      <Filter>Resource Files</Filter>
    </Font>
  </ItemGroup>
  <ItemGroup>
    <None Include="phong-tex.frag">
      <Filter>Resource Files</Filter>
    </None>
    <None Include="phong-tex.vert">
      <Filter>Resource Files</Filter>
    </None>
    <None Include="textured.frag">
      <Filter>Resource Files</Filter>
    </None>
    <None Include="textured.vert">
      <Filter>Resource Files</Filter>
    </None>
    <None Include="Partical_sword.md2">
      <Filter>Resource Files</Filter>
    </None>
    <None Include="ClassDiagram1.cd" />
    <None Include="cubeMap.frag">
      <Filter>Resource Files</Filter>
    </None>
    <None Include="cubeMap.vert">
      <Filter>Resource Files</Filter>
    </None>
    <None Include="arnould.MD2">
      <Filter>Resource Files\Models</Filter>
    </None>
    <None Include="tris.MD2">
      <Filter>Resource Files\Models</Filter>
    </None>
    <None Include="realTimeShadow.frag">
      <Filter>Resource Files</Filter>
    </None>
    <None Include="realTimeShadow.vert">
      <Filter>Resource Files</Filter>
    </None>
    <None Include="shadow.frag">
      <Filter>Resource Files</Filter>
    </None>
    <None Include="shadow.vert">
      <Filter>Resource Files</Filter>
    </None>
    <None Include="drawnShadow.frag">
      <Filter>Resource Files</Filter>
    </None>
    <None Include="drawnShadow.vert">
      <Filter>Resource Files</Filter>
    </None>
    <None Include="depthMap.frag">
      <Filter>Resource Files</Filter>
    </None>
    <None Include="depthMap.vert">
      <Filter>Resource Files</Filter>
    </None>
  </ItemGroup>
</Project>